
Microsoft Visual Studio Solution File, Format Version 12.00
# Visual Studio Version 17
VisualStudioVersion = 17.14.36616.10 d17.14
MinimumVisualStudioVersion = 10.0.40219.1
Project("{FAE04EC0-301F-11D3-BF4B-00C04F79EFBC}") = "CheeseGuider", "CheeseGuider\CheeseGuider.csproj", "{562011DE-33D8-4C2F-AD3E-88B43927517E}"
EndProject
Global
	GlobalSection(SolutionConfigurationPlatforms) = preSolution
		Debug|Any CPU = Debug|Any CPU
		Release|Any CPU = Release|Any CPU
	EndGlobalSection
	GlobalSection(ProjectConfigurationPlatforms) = postSolution
		{562011DE-33D8-4C2F-AD3E-88B43927517E}.Debug|Any CPU.ActiveCfg = Debug|Any CPU
		{562011DE-33D8-4C2F-AD3E-88B43927517E}.Debug|Any CPU.Build.0 = Debug|Any CPU
		{562011DE-33D8-4C2F-AD3E-88B43927517E}.Release|Any CPU.ActiveCfg = Release|Any CPU
		{562011DE-33D8-4C2F-AD3E-88B43927517E}.Release|Any CPU.Build.0 = Release|Any CPU
	EndGlobalSection
	GlobalSection(SolutionProperties) = preSolution
		HideSolutionNode = FALSE
	EndGlobalSection
	GlobalSection(ExtensibilityGlobals) = postSolution
		SolutionGuid = {D8B4F8BD-5D11-4160-A59D-8BD9D8DAA125}
	EndGlobalSection
EndGlobal
